
Microsoft Visual Studio Solution File, Format Version 12.00
# Visual Studio 15
VisualStudioVersion = 15.0.28010.2050
MinimumVisualStudioVersion = 10.0.40219.1
Project("{FAE04EC0-301F-11D3-BF4B-00C04F79EFBC}") = "hw2807 - ButtonBuyTicket (Exrice3)", "hw2807 - ButtonBuyTicket (Exrice3)\hw2807 - ButtonBuyTicket (Exrice3).csproj", "{8109AAE6-B57B-4A7E-94B6-6E9A18153C7D}"
EndProject
Global
	GlobalSection(SolutionConfigurationPlatforms) = preSolution
		Debug|Any CPU = Debug|Any CPU
		Release|Any CPU = Release|Any CPU
	EndGlobalSection
	GlobalSection(ProjectConfigurationPlatforms) = postSolution
		{8109AAE6-B57B-4A7E-94B6-6E9A18153C7D}.Debug|Any CPU.ActiveCfg = Debug|Any CPU
		{8109AAE6-B57B-4A7E-94B6-6E9A18153C7D}.Debug|Any CPU.Build.0 = Debug|Any CPU
		{8109AAE6-B57B-4A7E-94B6-6E9A18153C7D}.Release|Any CPU.ActiveCfg = Release|Any CPU
		{8109AAE6-B57B-4A7E-94B6-6E9A18153C7D}.Release|Any CPU.Build.0 = Release|Any CPU
	EndGlobalSection
	GlobalSection(SolutionProperties) = preSolution
		HideSolutionNode = FALSE
	EndGlobalSection
	GlobalSection(ExtensibilityGlobals) = postSolution
		SolutionGuid = {D7C64262-691B-46A1-BB32-593103B1B61F}
	EndGlobalSection
EndGlobal
